
Microsoft Visual Studio Solution File, Format Version 12.00
# Visual Studio Version 16
VisualStudioVersion = 16.0.30330.147
MinimumVisualStudioVersion = 10.0.40219.1
Project("{FAE04EC0-301F-11D3-BF4B-00C04F79EFBC}") = "TrelloToDoList", "TrelloToDoList.csproj", "{9F39E7AD-7934-4022-8595-9FC260BCA68F}"
EndProject
Global
	GlobalSection(SolutionConfigurationPlatforms) = preSolution
		Debug|Any CPU = Debug|Any CPU
		Release|Any CPU = Release|Any CPU
	EndGlobalSection
	GlobalSection(ProjectConfigurationPlatforms) = postSolution
		{9F39E7AD-7934-4022-8595-9FC260BCA68F}.Debug|Any CPU.ActiveCfg = Debug|Any CPU
		{9F39E7AD-7934-4022-8595-9FC260BCA68F}.Debug|Any CPU.Build.0 = Debug|Any CPU
		{9F39E7AD-7934-4022-8595-9FC260BCA68F}.Release|Any CPU.ActiveCfg = Release|Any CPU
		{9F39E7AD-7934-4022-8595-9FC260BCA68F}.Release|Any CPU.Build.0 = Release|Any CPU
	EndGlobalSection
	GlobalSection(SolutionProperties) = preSolution
		HideSolutionNode = FALSE
	EndGlobalSection
	GlobalSection(ExtensibilityGlobals) = postSolution
		SolutionGuid = {26630367-B12A-4EC1-8027-FB53A51C3D7A}
	EndGlobalSection
EndGlobal
